
Microsoft Visual Studio Solution File, Format Version 12.00
# Visual Studio 2017
Project("{FAE04EC0-301F-11D3-BF4B-00C04F79EFBC}") = "lost world", "lost world.csproj", "{42CAF2F3-F709-CFAB-FB65-060433044F6B}"
EndProject
Project("{FAE04EC0-301F-11D3-BF4B-00C04F79EFBC}") = "lost world.Editor", "lost world.Editor.csproj", "{F23E0FF6-142A-F019-FD80-5CA9C0D01F57}"
EndProject
Global
	GlobalSection(SolutionConfigurationPlatforms) = preSolution
		Debug|Any CPU = Debug|Any CPU
		Release|Any CPU = Release|Any CPU
	EndGlobalSection
	GlobalSection(ProjectConfigurationPlatforms) = postSolution
		{42CAF2F3-F709-CFAB-FB65-060433044F6B}.Debug|Any CPU.ActiveCfg = Debug|Any CPU
		{42CAF2F3-F709-CFAB-FB65-060433044F6B}.Debug|Any CPU.Build.0 = Debug|Any CPU
		{42CAF2F3-F709-CFAB-FB65-060433044F6B}.Release|Any CPU.ActiveCfg = Release|Any CPU
		{42CAF2F3-F709-CFAB-FB65-060433044F6B}.Release|Any CPU.Build.0 = Release|Any CPU
		{F23E0FF6-142A-F019-FD80-5CA9C0D01F57}.Debug|Any CPU.ActiveCfg = Debug|Any CPU
		{F23E0FF6-142A-F019-FD80-5CA9C0D01F57}.Debug|Any CPU.Build.0 = Debug|Any CPU
		{F23E0FF6-142A-F019-FD80-5CA9C0D01F57}.Release|Any CPU.ActiveCfg = Release|Any CPU
		{F23E0FF6-142A-F019-FD80-5CA9C0D01F57}.Release|Any CPU.Build.0 = Release|Any CPU
	EndGlobalSection
	GlobalSection(SolutionProperties) = preSolution
		HideSolutionNode = FALSE
	EndGlobalSection
EndGlobal
