
Microsoft Visual Studio Solution File, Format Version 12.00
# Visual Studio 2017
Project("{FAE04EC0-301F-11D3-BF4B-00C04F79EFBC}") = "lost-world", "lost-world.csproj", "{AD854AF2-7CE8-CE07-F983-97DD9BECB710}"
EndProject
Project("{FAE04EC0-301F-11D3-BF4B-00C04F79EFBC}") = "lost-world.Editor", "lost-world.Editor.csproj", "{C066879E-5DA8-5161-7359-3835D6B6B385}"
EndProject
Global
	GlobalSection(SolutionConfigurationPlatforms) = preSolution
		Debug|Any CPU = Debug|Any CPU
		Release|Any CPU = Release|Any CPU
	EndGlobalSection
	GlobalSection(ProjectConfigurationPlatforms) = postSolution
		{AD854AF2-7CE8-CE07-F983-97DD9BECB710}.Debug|Any CPU.ActiveCfg = Debug|Any CPU
		{AD854AF2-7CE8-CE07-F983-97DD9BECB710}.Debug|Any CPU.Build.0 = Debug|Any CPU
		{AD854AF2-7CE8-CE07-F983-97DD9BECB710}.Release|Any CPU.ActiveCfg = Release|Any CPU
		{AD854AF2-7CE8-CE07-F983-97DD9BECB710}.Release|Any CPU.Build.0 = Release|Any CPU
		{C066879E-5DA8-5161-7359-3835D6B6B385}.Debug|Any CPU.ActiveCfg = Debug|Any CPU
		{C066879E-5DA8-5161-7359-3835D6B6B385}.Debug|Any CPU.Build.0 = Debug|Any CPU
		{C066879E-5DA8-5161-7359-3835D6B6B385}.Release|Any CPU.ActiveCfg = Release|Any CPU
		{C066879E-5DA8-5161-7359-3835D6B6B385}.Release|Any CPU.Build.0 = Release|Any CPU
	EndGlobalSection
	GlobalSection(SolutionProperties) = preSolution
		HideSolutionNode = FALSE
	EndGlobalSection
EndGlobal
